
Microsoft Visual Studio Solution File, Format Version 12.00
# Visual Studio 15
VisualStudioVersion = 15.0.27703.2035
MinimumVisualStudioVersion = 10.0.40219.1
Project("{FAE04EC0-301F-11D3-BF4B-00C04F79EFBC}") = "AddressBook", "AddressBook\AddressBook.csproj", "{0228D917-8A97-4461-AF9F-CC50FB8B0F27}"
EndProject
Project("{FAE04EC0-301F-11D3-BF4B-00C04F79EFBC}") = "AddressBook.Services", "AddressBook.Services\AddressBook.Services.csproj", "{437BCC72-C9C1-4E78-ADF9-32419B3B5E47}"
EndProject
Project("{FAE04EC0-301F-11D3-BF4B-00C04F79EFBC}") = "AddressBook.Models", "AddressBook.Models\AddressBook.Models.csproj", "{A5C42E9A-70EA-40DA-A264-4FE134D38ECC}"
EndProject
Global
	GlobalSection(SolutionConfigurationPlatforms) = preSolution
		Debug|Any CPU = Debug|Any CPU
		Release|Any CPU = Release|Any CPU
	EndGlobalSection
	GlobalSection(ProjectConfigurationPlatforms) = postSolution
		{0228D917-8A97-4461-AF9F-CC50FB8B0F27}.Debug|Any CPU.ActiveCfg = Debug|Any CPU
		{0228D917-8A97-4461-AF9F-CC50FB8B0F27}.Debug|Any CPU.Build.0 = Debug|Any CPU
		{0228D917-8A97-4461-AF9F-CC50FB8B0F27}.Release|Any CPU.ActiveCfg = Release|Any CPU
		{0228D917-8A97-4461-AF9F-CC50FB8B0F27}.Release|Any CPU.Build.0 = Release|Any CPU
		{437BCC72-C9C1-4E78-ADF9-32419B3B5E47}.Debug|Any CPU.ActiveCfg = Debug|Any CPU
		{437BCC72-C9C1-4E78-ADF9-32419B3B5E47}.Debug|Any CPU.Build.0 = Debug|Any CPU
		{437BCC72-C9C1-4E78-ADF9-32419B3B5E47}.Release|Any CPU.ActiveCfg = Release|Any CPU
		{437BCC72-C9C1-4E78-ADF9-32419B3B5E47}.Release|Any CPU.Build.0 = Release|Any CPU
		{A5C42E9A-70EA-40DA-A264-4FE134D38ECC}.Debug|Any CPU.ActiveCfg = Debug|Any CPU
		{A5C42E9A-70EA-40DA-A264-4FE134D38ECC}.Debug|Any CPU.Build.0 = Debug|Any CPU
		{A5C42E9A-70EA-40DA-A264-4FE134D38ECC}.Release|Any CPU.ActiveCfg = Release|Any CPU
		{A5C42E9A-70EA-40DA-A264-4FE134D38ECC}.Release|Any CPU.Build.0 = Release|Any CPU
	EndGlobalSection
	GlobalSection(SolutionProperties) = preSolution
		HideSolutionNode = FALSE
	EndGlobalSection
	GlobalSection(ExtensibilityGlobals) = postSolution
		SolutionGuid = {790A8478-5E7C-437C-9408-58B9F0BDF745}
	EndGlobalSection
EndGlobal
